// !$*UTF8*$!
{
	archiveVersion = 1;
	classes = {
	};
	objectVersion = 46;
	objects = {

/* Begin PBXBuildFile section */
		C544221F1C71663200C66311 /* AppDelegate.m in Sources */ = {isa = PBXBuildFile; fileRef = C54421F51C71663200C66311 /* AppDelegate.m */; };
		C54422201C71663200C66311 /* Assets.xcassets in Resources */ = {isa = PBXBuildFile; fileRef = C54421F61C71663200C66311 /* Assets.xcassets */; };
		C54422211C71663200C66311 /* LaunchScreen.storyboard in Resources */ = {isa = PBXBuildFile; fileRef = C54421F71C71663200C66311 /* LaunchScreen.storyboard */; };
		C54422221C71663200C66311 /* Main.storyboard in Resources */ = {isa = PBXBuildFile; fileRef = C54421F91C71663200C66311 /* Main.storyboard */; };
		C54422241C71663200C66311 /* GJCircularPointSetLayer.m in Sources */ = {isa = PBXBuildFile; fileRef = C54421FF1C71663200C66311 /* GJCircularPointSetLayer.m */; };
		C54422251C71663200C66311 /* GJCoordinateLayer.m in Sources */ = {isa = PBXBuildFile; fileRef = C54422011C71663200C66311 /* GJCoordinateLayer.m */; };
		C54422261C71663200C66311 /* GJChartView.m in Sources */ = {isa = PBXBuildFile; fileRef = C54422031C71663200C66311 /* GJChartView.m */; };
		C54422271C71663200C66311 /* GJLineSetLayer.m in Sources */ = {isa = PBXBuildFile; fileRef = C54422051C71663200C66311 /* GJLineSetLayer.m */; };
		C54422281C71663200C66311 /* GJPolygonSetLayer.m in Sources */ = {isa = PBXBuildFile; fileRef = C54422071C71663200C66311 /* GJPolygonSetLayer.m */; };
		C54422291C71663200C66311 /* GJSquareSetLayer.m in Sources */ = {isa = PBXBuildFile; fileRef = C54422091C71663200C66311 /* GJSquareSetLayer.m */; };
		C544222A1C71663200C66311 /* GJTextSetLayer.m in Sources */ = {isa = PBXBuildFile; fileRef = C544220B1C71663200C66311 /* GJTextSetLayer.m */; };
		C54422311C71663200C66311 /* CustomView.m in Sources */ = {isa = PBXBuildFile; fileRef = C544221A1C71663200C66311 /* CustomView.m */; };
		C54422331C71663200C66311 /* main.m in Sources */ = {isa = PBXBuildFile; fileRef = C544221C1C71663200C66311 /* main.m */; };
		C54422341C71663200C66311 /* ViewController.m in Sources */ = {isa = PBXBuildFile; fileRef = C544221E1C71663200C66311 /* ViewController.m */; };
/* End PBXBuildFile section */

/* Begin PBXFileReference section */
		C54421F41C71663200C66311 /* AppDelegate.h */ = {isa = PBXFileReference; fileEncoding = 4; lastKnownFileType = sourcecode.c.h; path = AppDelegate.h; sourceTree = "<group>"; };
		C54421F51C71663200C66311 /* AppDelegate.m */ = {isa = PBXFileReference; fileEncoding = 4; lastKnownFileType = sourcecode.c.objc; path = AppDelegate.m; sourceTree = "<group>"; };
		C54421F61C71663200C66311 /* Assets.xcassets */ = {isa = PBXFileReference; lastKnownFileType = folder.assetcatalog; path = Assets.xcassets; sourceTree = "<group>"; };
		C54421F81C71663200C66311 /* Base */ = {isa = PBXFileReference; lastKnownFileType = file.storyboard; name = Base; path = Base.lproj/LaunchScreen.storyboard; sourceTree = "<group>"; };
		C54421FA1C71663200C66311 /* Base */ = {isa = PBXFileReference; lastKnownFileType = file.storyboard; name = Base; path = Base.lproj/Main.storyboard; sourceTree = "<group>"; };
		C54421FE1C71663200C66311 /* GJCircularPointSetLayer.h */ = {isa = PBXFileReference; fileEncoding = 4; lastKnownFileType = sourcecode.c.h; path = GJCircularPointSetLayer.h; sourceTree = "<group>"; };
		C54421FF1C71663200C66311 /* GJCircularPointSetLayer.m */ = {isa = PBXFileReference; fileEncoding = 4; lastKnownFileType = sourcecode.c.objc; path = GJCircularPointSetLayer.m; sourceTree = "<group>"; };
		C54422001C71663200C66311 /* GJCoordinateLayer.h */ = {isa = PBXFileReference; fileEncoding = 4; lastKnownFileType = sourcecode.c.h; path = GJCoordinateLayer.h; sourceTree = "<group>"; };
		C54422011C71663200C66311 /* GJCoordinateLayer.m */ = {isa = PBXFileReference; fileEncoding = 4; lastKnownFileType = sourcecode.c.objc; path = GJCoordinateLayer.m; sourceTree = "<group>"; };
		C54422021C71663200C66311 /* GJChartView.h */ = {isa = PBXFileReference; fileEncoding = 4; lastKnownFileType = sourcecode.c.h; path = GJChartView.h; sourceTree = "<group>"; };
		C54422031C71663200C66311 /* GJChartView.m */ = {isa = PBXFileReference; fileEncoding = 4; lastKnownFileType = sourcecode.c.objc; path = GJChartView.m; sourceTree = "<group>"; };
		C54422041C71663200C66311 /* GJLineSetLayer.h */ = {isa = PBXFileReference; fileEncoding = 4; lastKnownFileType = sourcecode.c.h; path = GJLineSetLayer.h; sourceTree = "<group>"; };
		C54422051C71663200C66311 /* GJLineSetLayer.m */ = {isa = PBXFileReference; fileEncoding = 4; lastKnownFileType = sourcecode.c.objc; path = GJLineSetLayer.m; sourceTree = "<group>"; };
		C54422061C71663200C66311 /* GJPolygonSetLayer.h */ = {isa = PBXFileReference; fileEncoding = 4; lastKnownFileType = sourcecode.c.h; path = GJPolygonSetLayer.h; sourceTree = "<group>"; };
		C54422071C71663200C66311 /* GJPolygonSetLayer.m */ = {isa = PBXFileReference; fileEncoding = 4; lastKnownFileType = sourcecode.c.objc; path = GJPolygonSetLayer.m; sourceTree = "<group>"; };
		C54422081C71663200C66311 /* GJSquareSetLayer.h */ = {isa = PBXFileReference; fileEncoding = 4; lastKnownFileType = sourcecode.c.h; path = GJSquareSetLayer.h; sourceTree = "<group>"; };
		C54422091C71663200C66311 /* GJSquareSetLayer.m */ = {isa = PBXFileReference; fileEncoding = 4; lastKnownFileType = sourcecode.c.objc; path = GJSquareSetLayer.m; sourceTree = "<group>"; };
		C544220A1C71663200C66311 /* GJTextSetLayer.h */ = {isa = PBXFileReference; fileEncoding = 4; lastKnownFileType = sourcecode.c.h; path = GJTextSetLayer.h; sourceTree = "<group>"; };
		C544220B1C71663200C66311 /* GJTextSetLayer.m */ = {isa = PBXFileReference; fileEncoding = 4; lastKnownFileType = sourcecode.c.objc; path = GJTextSetLayer.m; sourceTree = "<group>"; };
		C54422191C71663200C66311 /* CustomView.h */ = {isa = PBXFileReference; fileEncoding = 4; lastKnownFileType = sourcecode.c.h; path = CustomView.h; sourceTree = "<group>"; };
		C544221A1C71663200C66311 /* CustomView.m */ = {isa = PBXFileReference; fileEncoding = 4; lastKnownFileType = sourcecode.c.objc; path = CustomView.m; sourceTree = "<group>"; };
		C544221B1C71663200C66311 /* Info.plist */ = {isa = PBXFileReference; fileEncoding = 4; lastKnownFileType = text.plist.xml; path = Info.plist; sourceTree = "<group>"; };
		C544221C1C71663200C66311 /* main.m */ = {isa = PBXFileReference; fileEncoding = 4; lastKnownFileType = sourcecode.c.objc; path = main.m; sourceTree = "<group>"; };
		C544221D1C71663200C66311 /* ViewController.h */ = {isa = PBXFileReference; fileEncoding = 4; lastKnownFileType = sourcecode.c.h; path = ViewController.h; sourceTree = "<group>"; };
		C544221E1C71663200C66311 /* ViewController.m */ = {isa = PBXFileReference; fileEncoding = 4; lastKnownFileType = sourcecode.c.objc; path = ViewController.m; sourceTree = "<group>"; };
		C54422351C7171BB00C66311 /* GJChart.h */ = {isa = PBXFileReference; lastKnownFileType = sourcecode.c.h; path = GJChart.h; sourceTree = "<group>"; };
		C559E1A91C3B6F380001D68A /* GJChart.app */ = {isa = PBXFileReference; explicitFileType = wrapper.application; includeInIndex = 0; path = GJChart.app; sourceTree = BUILT_PRODUCTS_DIR; };
/* End PBXFileReference section */

/* Begin PBXFrameworksBuildPhase section */
		C559E1A61C3B6F380001D68A /* Frameworks */ = {
			isa = PBXFrameworksBuildPhase;
			buildActionMask = 2147483647;
			files = (
			);
			runOnlyForDeploymentPostprocessing = 0;
		};
/* End PBXFrameworksBuildPhase section */

/* Begin PBXGroup section */
		C54421F31C71663200C66311 /* GJChart */ = {
			isa = PBXGroup;
			children = (
				C54421FB1C71663200C66311 /* Chart */,
				C54421F41C71663200C66311 /* AppDelegate.h */,
				C54421F51C71663200C66311 /* AppDelegate.m */,
				C54421F61C71663200C66311 /* Assets.xcassets */,
				C54421F71C71663200C66311 /* LaunchScreen.storyboard */,
				C54421F91C71663200C66311 /* Main.storyboard */,
				C54422191C71663200C66311 /* CustomView.h */,
				C544221A1C71663200C66311 /* CustomView.m */,
				C544221B1C71663200C66311 /* Info.plist */,
				C544221C1C71663200C66311 /* main.m */,
				C544221D1C71663200C66311 /* ViewController.h */,
				C544221E1C71663200C66311 /* ViewController.m */,
			);
			path = GJChart;
			sourceTree = "<group>";
		};
		C54421FB1C71663200C66311 /* Chart */ = {
			isa = PBXGroup;
			children = (
				C54421FE1C71663200C66311 /* GJCircularPointSetLayer.h */,
				C54421FF1C71663200C66311 /* GJCircularPointSetLayer.m */,
				C54422001C71663200C66311 /* GJCoordinateLayer.h */,
				C54422011C71663200C66311 /* GJCoordinateLayer.m */,
				C54422021C71663200C66311 /* GJChartView.h */,
				C54422031C71663200C66311 /* GJChartView.m */,
				C54422041C71663200C66311 /* GJLineSetLayer.h */,
				C54422051C71663200C66311 /* GJLineSetLayer.m */,
				C54422061C71663200C66311 /* GJPolygonSetLayer.h */,
				C54422071C71663200C66311 /* GJPolygonSetLayer.m */,
				C54422081C71663200C66311 /* GJSquareSetLayer.h */,
				C54422091C71663200C66311 /* GJSquareSetLayer.m */,
				C544220A1C71663200C66311 /* GJTextSetLayer.h */,
				C544220B1C71663200C66311 /* GJTextSetLayer.m */,
				C54422351C7171BB00C66311 /* GJChart.h */,
			);
			path = Chart;
			sourceTree = "<group>";
		};
		C559E1A01C3B6F380001D68A = {
			isa = PBXGroup;
			children = (
				C54421F31C71663200C66311 /* GJChart */,
				C559E1AA1C3B6F380001D68A /* Products */,
			);
			sourceTree = "<group>";
		};
		C559E1AA1C3B6F380001D68A /* Products */ = {
			isa = PBXGroup;
			children = (
				C559E1A91C3B6F380001D68A /* GJChart.app */,
			);
			name = Products;
			sourceTree = "<group>";
		};
/* End PBXGroup section */

/* Begin PBXNativeTarget section */
		C559E1A81C3B6F380001D68A /* GJChart */ = {
			isa = PBXNativeTarget;
			buildConfigurationList = C559E1C01C3B6F380001D68A /* Build configuration list for PBXNativeTarget "GJChart" */;
			buildPhases = (
				C559E1A51C3B6F380001D68A /* Sources */,
				C559E1A61C3B6F380001D68A /* Frameworks */,
				C559E1A71C3B6F380001D68A /* Resources */,
			);
			buildRules = (
			);
			dependencies = (
			);
			name = GJChart;
			productName = "贝塞尔曲线";
			productReference = C559E1A91C3B6F380001D68A /* GJChart.app */;
			productType = "com.apple.product-type.application";
		};
/* End PBXNativeTarget section */

/* Begin PBXProject section */
		C559E1A11C3B6F380001D68A /* Project object */ = {
			isa = PBXProject;
			attributes = {
				LastUpgradeCheck = 0720;
				ORGANIZATIONNAME = tongguan;
				TargetAttributes = {
					C559E1A81C3B6F380001D68A = {
						CreatedOnToolsVersion = 7.2;
					};
				};
			};
			buildConfigurationList = C559E1A41C3B6F380001D68A /* Build configuration list for PBXProject "GJChart" */;
			compatibilityVersion = "Xcode 3.2";
			developmentRegion = English;
			hasScannedForEncodings = 0;
			knownRegions = (
				en,
				Base,
			);
			mainGroup = C559E1A01C3B6F380001D68A;
			productRefGroup = C559E1AA1C3B6F380001D68A /* Products */;
			projectDirPath = "";
			projectRoot = "";
			targets = (
				C559E1A81C3B6F380001D68A /* GJChart */,
			);
		};
/* End PBXProject section */

/* Begin PBXResourcesBuildPhase section */
		C559E1A71C3B6F380001D68A /* Resources */ = {
			isa = PBXResourcesBuildPhase;
			buildActionMask = 2147483647;
			files = (
				C54422221C71663200C66311 /* Main.storyboard in Resources */,
				C54422201C71663200C66311 /* Assets.xcassets in Resources */,
				C54422211C71663200C66311 /* LaunchScreen.storyboard in Resources */,
			);
			runOnlyForDeploymentPostprocessing = 0;
		};
/* End PBXResourcesBuildPhase section */

/* Begin PBXSourcesBuildPhase section */
		C559E1A51C3B6F380001D68A /* Sources */ = {
			isa = PBXSourcesBuildPhase;
			buildActionMask = 2147483647;
			files = (
				C54422341C71663200C66311 /* ViewController.m in Sources */,
				C544222A1C71663200C66311 /* GJTextSetLayer.m in Sources */,
				C54422261C71663200C66311 /* GJChartView.m in Sources */,
				C54422251C71663200C66311 /* GJCoordinateLayer.m in Sources */,
				C54422271C71663200C66311 /* GJLineSetLayer.m in Sources */,
				C54422241C71663200C66311 /* GJCircularPointSetLayer.m in Sources */,
				C544221F1C71663200C66311 /* AppDelegate.m in Sources */,
				C54422331C71663200C66311 /* main.m in Sources */,
				C54422291C71663200C66311 /* GJSquareSetLayer.m in Sources */,
				C54422311C71663200C66311 /* CustomView.m in Sources */,
				C54422281C71663200C66311 /* GJPolygonSetLayer.m in Sources */,
			);
			runOnlyForDeploymentPostprocessing = 0;
		};
/* End PBXSourcesBuildPhase section */

/* Begin PBXVariantGroup section */
		C54421F71C71663200C66311 /* LaunchScreen.storyboard */ = {
			isa = PBXVariantGroup;
			children = (
				C54421F81C71663200C66311 /* Base */,
			);
			name = LaunchScreen.storyboard;
			sourceTree = "<group>";
		};
		C54421F91C71663200C66311 /* Main.storyboard */ = {
			isa = PBXVariantGroup;
			children = (
				C54421FA1C71663200C66311 /* Base */,
			);
			name = Main.storyboard;
			sourceTree = "<group>";
		};
/* End PBXVariantGroup section */

/* Begin XCBuildConfiguration section */
		C559E1BE1C3B6F380001D68A /* Debug */ = {
			isa = XCBuildConfiguration;
			buildSettings = {
				ALWAYS_SEARCH_USER_PATHS = NO;
				CLANG_CXX_LANGUAGE_STANDARD = "gnu++0x";
				CLANG_CXX_LIBRARY = "libc++";
				CLANG_ENABLE_MODULES = YES;
				CLANG_ENABLE_OBJC_ARC = YES;
				CLANG_WARN_BOOL_CONVERSION = YES;
				CLANG_WARN_CONSTANT_CONVERSION = YES;
				CLANG_WARN_DIRECT_OBJC_ISA_USAGE = YES_ERROR;
				CLANG_WARN_EMPTY_BODY = YES;
				CLANG_WARN_ENUM_CONVERSION = YES;
				CLANG_WARN_INT_CONVERSION = YES;
				CLANG_WARN_OBJC_ROOT_CLASS = YES_ERROR;
				CLANG_WARN_UNREACHABLE_CODE = YES;
				CLANG_WARN__DUPLICATE_METHOD_MATCH = YES;
				"CODE_SIGN_IDENTITY[sdk=iphoneos*]" = "iPhone Developer";
				COPY_PHASE_STRIP = NO;
				DEBUG_INFORMATION_FORMAT = dwarf;
				ENABLE_STRICT_OBJC_MSGSEND = YES;
				ENABLE_TESTABILITY = YES;
				GCC_C_LANGUAGE_STANDARD = gnu99;
				GCC_DYNAMIC_NO_PIC = NO;
				GCC_NO_COMMON_BLOCKS = YES;
				GCC_OPTIMIZATION_LEVEL = 0;
				GCC_PREPROCESSOR_DEFINITIONS = (
					"DEBUG=1",
					"$(inherited)",
				);
				GCC_WARN_64_TO_32_BIT_CONVERSION = YES;
				GCC_WARN_ABOUT_RETURN_TYPE = YES_ERROR;
				GCC_WARN_UNDECLARED_SELECTOR = YES;
				GCC_WARN_UNINITIALIZED_AUTOS = YES_AGGRESSIVE;
				GCC_WARN_UNUSED_FUNCTION = YES;
				GCC_WARN_UNUSED_VARIABLE = YES;
				IPHONEOS_DEPLOYMENT_TARGET = 9.2;
				MTL_ENABLE_DEBUG_INFO = YES;
				ONLY_ACTIVE_ARCH = YES;
				SDKROOT = iphoneos;
			};
			name = Debug;
		};
		C559E1BF1C3B6F380001D68A /* Release */ = {
			isa = XCBuildConfiguration;
			buildSettings = {
				ALWAYS_SEARCH_USER_PATHS = NO;
				CLANG_CXX_LANGUAGE_STANDARD = "gnu++0x";
				CLANG_CXX_LIBRARY = "libc++";
				CLANG_ENABLE_MODULES = YES;
				CLANG_ENABLE_OBJC_ARC = YES;
				CLANG_WARN_BOOL_CONVERSION = YES;
				CLANG_WARN_CONSTANT_CONVERSION = YES;
				CLANG_WARN_DIRECT_OBJC_ISA_USAGE = YES_ERROR;
				CLANG_WARN_EMPTY_BODY = YES;
				CLANG_WARN_ENUM_CONVERSION = YES;
				CLANG_WARN_INT_CONVERSION = YES;
				CLANG_WARN_OBJC_ROOT_CLASS = YES_ERROR;
				CLANG_WARN_UNREACHABLE_CODE = YES;
				CLANG_WARN__DUPLICATE_METHOD_MATCH = YES;
				"CODE_SIGN_IDENTITY[sdk=iphoneos*]" = "iPhone Developer";
				COPY_PHASE_STRIP = NO;
				DEBUG_INFORMATION_FORMAT = "dwarf-with-dsym";
				ENABLE_NS_ASSERTIONS = NO;
				ENABLE_STRICT_OBJC_MSGSEND = YES;
				GCC_C_LANGUAGE_STANDARD = gnu99;
				GCC_NO_COMMON_BLOCKS = YES;
				GCC_WARN_64_TO_32_BIT_CONVERSION = YES;
				GCC_WARN_ABOUT_RETURN_TYPE = YES_ERROR;
				GCC_WARN_UNDECLARED_SELECTOR = YES;
				GCC_WARN_UNINITIALIZED_AUTOS = YES_AGGRESSIVE;
				GCC_WARN_UNUSED_FUNCTION = YES;
				GCC_WARN_UNUSED_VARIABLE = YES;
				IPHONEOS_DEPLOYMENT_TARGET = 9.2;
				MTL_ENABLE_DEBUG_INFO = NO;
				SDKROOT = iphoneos;
				VALIDATE_PRODUCT = YES;
			};
			name = Release;
		};
		C559E1C11C3B6F380001D68A /* Debug */ = {
			isa = XCBuildConfiguration;
			buildSettings = {
				ASSETCATALOG_COMPILER_APPICON_NAME = AppIcon;
				INFOPLIST_FILE = GJChart/Info.plist;
				IPHONEOS_DEPLOYMENT_TARGET = 9.0;
				LD_RUNPATH_SEARCH_PATHS = "$(inherited) @executable_path/Frameworks";
				PRODUCT_BUNDLE_IDENTIFIER = "--.-----";
				PRODUCT_NAME = GJChart;
			};
			name = Debug;
		};
		C559E1C21C3B6F380001D68A /* Release */ = {
			isa = XCBuildConfiguration;
			buildSettings = {
				ASSETCATALOG_COMPILER_APPICON_NAME = AppIcon;
				INFOPLIST_FILE = GJChart/Info.plist;
				IPHONEOS_DEPLOYMENT_TARGET = 9.0;
				LD_RUNPATH_SEARCH_PATHS = "$(inherited) @executable_path/Frameworks";
				PRODUCT_BUNDLE_IDENTIFIER = "--.-----";
				PRODUCT_NAME = GJChart;
			};
			name = Release;
		};
/* End XCBuildConfiguration section */

/* Begin XCConfigurationList section */
		C559E1A41C3B6F380001D68A /* Build configuration list for PBXProject "GJChart" */ = {
			isa = XCConfigurationList;
			buildConfigurations = (
				C559E1BE1C3B6F380001D68A /* Debug */,
				C559E1BF1C3B6F380001D68A /* Release */,
			);
			defaultConfigurationIsVisible = 0;
			defaultConfigurationName = Release;
		};
		C559E1C01C3B6F380001D68A /* Build configuration list for PBXNativeTarget "GJChart" */ = {
			isa = XCConfigurationList;
			buildConfigurations = (
				C559E1C11C3B6F380001D68A /* Debug */,
				C559E1C21C3B6F380001D68A /* Release */,
			);
			defaultConfigurationIsVisible = 0;
			defaultConfigurationName = Release;
		};
/* End XCConfigurationList section */
	};
	rootObject = C559E1A11C3B6F380001D68A /* Project object */;
}
